
Microsoft Visual Studio Solution File, Format Version 12.00
# Visual Studio Version 17
VisualStudioVersion = 17.12.35521.163
MinimumVisualStudioVersion = 10.0.40219.1
Project("{FAE04EC0-301F-11D3-BF4B-00C04F79EFBC}") = "BlazorBuilds", "BlazorBuilds\BlazorBuilds\BlazorBuilds.csproj", "{33CA46BD-D0C0-49C2-816A-582531C4307D}"
EndProject
Project("{FAE04EC0-301F-11D3-BF4B-00C04F79EFBC}") = "BlazorBuilds.Client", "BlazorBuilds\BlazorBuilds.Client\BlazorBuilds.Client.csproj", "{538FE8F3-9D05-42E9-9B52-222288A1055D}"
EndProject
Project("{FAE04EC0-301F-11D3-BF4B-00C04F79EFBC}") = "BlazorBuilds.Contracts", "BlazorBuilds\BlazorBuilds.Contracts\BlazorBuilds.Contracts.csproj", "{6A8C5AD7-1B99-4E1C-A80B-B4C7E9D3298F}"
EndProject
Global
	GlobalSection(SolutionConfigurationPlatforms) = preSolution
		Debug|Any CPU = Debug|Any CPU
		Release|Any CPU = Release|Any CPU
	EndGlobalSection
	GlobalSection(ProjectConfigurationPlatforms) = postSolution
		{33CA46BD-D0C0-49C2-816A-582531C4307D}.Debug|Any CPU.ActiveCfg = Debug|Any CPU
		{33CA46BD-D0C0-49C2-816A-582531C4307D}.Debug|Any CPU.Build.0 = Debug|Any CPU
		{33CA46BD-D0C0-49C2-816A-582531C4307D}.Release|Any CPU.ActiveCfg = Release|Any CPU
		{33CA46BD-D0C0-49C2-816A-582531C4307D}.Release|Any CPU.Build.0 = Release|Any CPU
		{538FE8F3-9D05-42E9-9B52-222288A1055D}.Debug|Any CPU.ActiveCfg = Debug|Any CPU
		{538FE8F3-9D05-42E9-9B52-222288A1055D}.Debug|Any CPU.Build.0 = Debug|Any CPU
		{538FE8F3-9D05-42E9-9B52-222288A1055D}.Release|Any CPU.ActiveCfg = Release|Any CPU
		{538FE8F3-9D05-42E9-9B52-222288A1055D}.Release|Any CPU.Build.0 = Release|Any CPU
		{6A8C5AD7-1B99-4E1C-A80B-B4C7E9D3298F}.Debug|Any CPU.ActiveCfg = Debug|Any CPU
		{6A8C5AD7-1B99-4E1C-A80B-B4C7E9D3298F}.Debug|Any CPU.Build.0 = Debug|Any CPU
		{6A8C5AD7-1B99-4E1C-A80B-B4C7E9D3298F}.Release|Any CPU.ActiveCfg = Release|Any CPU
		{6A8C5AD7-1B99-4E1C-A80B-B4C7E9D3298F}.Release|Any CPU.Build.0 = Release|Any CPU
	EndGlobalSection
	GlobalSection(SolutionProperties) = preSolution
		HideSolutionNode = FALSE
	EndGlobalSection
EndGlobal
